
Microsoft Visual Studio Solution File, Format Version 12.00
# Visual Studio Version 17
VisualStudioVersion = 17.8.34322.80
MinimumVisualStudioVersion = 10.0.40219.1
Project("{9A19103F-16F7-4668-BE54-9A1E7A4F7556}") = "FinanceTracker", "FinanceTracker.csproj", "{F96A9C01-DFE7-4393-95B8-408AA9F27973}"
	ProjectSection(ProjectDependencies) = postProject
		{02C01198-A7A8-4026-9223-3E185CEE7294} = {02C01198-A7A8-4026-9223-3E185CEE7294}
		{070FBD7C-546F-4C44-BEC4-388FCAB518C1} = {070FBD7C-546F-4C44-BEC4-388FCAB518C1}
		{D71052DE-8E22-4FD2-9F63-10D205D463F7} = {D71052DE-8E22-4FD2-9F63-10D205D463F7}
	EndProjectSection
EndProject
Project("{9A19103F-16F7-4668-BE54-9A1E7A4F7556}") = "FinanceTracker.Domain", "..\FinanceTracker.Domain\FinanceTracker.Domain.csproj", "{02C01198-A7A8-4026-9223-3E185CEE7294}"
EndProject
Project("{9A19103F-16F7-4668-BE54-9A1E7A4F7556}") = "FinanceTracker.Application", "..\FinanceTracker.Application\FinanceTracker.Application.csproj", "{D71052DE-8E22-4FD2-9F63-10D205D463F7}"
	ProjectSection(ProjectDependencies) = postProject
		{02C01198-A7A8-4026-9223-3E185CEE7294} = {02C01198-A7A8-4026-9223-3E185CEE7294}
	EndProjectSection
EndProject
Project("{9A19103F-16F7-4668-BE54-9A1E7A4F7556}") = "FinanceTracker.Infrastructure", "..\FinanceTracker.Infrastructure\FinanceTracker.Infrastructure.csproj", "{070FBD7C-546F-4C44-BEC4-388FCAB518C1}"
EndProject
Global
	GlobalSection(SolutionConfigurationPlatforms) = preSolution
		Debug|Any CPU = Debug|Any CPU
		Release|Any CPU = Release|Any CPU
	EndGlobalSection
	GlobalSection(ProjectConfigurationPlatforms) = postSolution
		{F96A9C01-DFE7-4393-95B8-408AA9F27973}.Debug|Any CPU.ActiveCfg = Debug|Any CPU
		{F96A9C01-DFE7-4393-95B8-408AA9F27973}.Debug|Any CPU.Build.0 = Debug|Any CPU
		{F96A9C01-DFE7-4393-95B8-408AA9F27973}.Release|Any CPU.ActiveCfg = Release|Any CPU
		{F96A9C01-DFE7-4393-95B8-408AA9F27973}.Release|Any CPU.Build.0 = Release|Any CPU
		{02C01198-A7A8-4026-9223-3E185CEE7294}.Debug|Any CPU.ActiveCfg = Debug|Any CPU
		{02C01198-A7A8-4026-9223-3E185CEE7294}.Debug|Any CPU.Build.0 = Debug|Any CPU
		{02C01198-A7A8-4026-9223-3E185CEE7294}.Release|Any CPU.ActiveCfg = Release|Any CPU
		{02C01198-A7A8-4026-9223-3E185CEE7294}.Release|Any CPU.Build.0 = Release|Any CPU
		{D71052DE-8E22-4FD2-9F63-10D205D463F7}.Debug|Any CPU.ActiveCfg = Debug|Any CPU
		{D71052DE-8E22-4FD2-9F63-10D205D463F7}.Debug|Any CPU.Build.0 = Debug|Any CPU
		{D71052DE-8E22-4FD2-9F63-10D205D463F7}.Release|Any CPU.ActiveCfg = Release|Any CPU
		{D71052DE-8E22-4FD2-9F63-10D205D463F7}.Release|Any CPU.Build.0 = Release|Any CPU
		{070FBD7C-546F-4C44-BEC4-388FCAB518C1}.Debug|Any CPU.ActiveCfg = Debug|Any CPU
		{070FBD7C-546F-4C44-BEC4-388FCAB518C1}.Debug|Any CPU.Build.0 = Debug|Any CPU
		{070FBD7C-546F-4C44-BEC4-388FCAB518C1}.Release|Any CPU.ActiveCfg = Release|Any CPU
		{070FBD7C-546F-4C44-BEC4-388FCAB518C1}.Release|Any CPU.Build.0 = Release|Any CPU
	EndGlobalSection
	GlobalSection(SolutionProperties) = preSolution
		HideSolutionNode = FALSE
	EndGlobalSection
	GlobalSection(ExtensibilityGlobals) = postSolution
		SolutionGuid = {255C66CD-AE46-4C57-AAA8-FAFD8B5FE8F0}
	EndGlobalSection
EndGlobal
